// !$*UTF8*$!
{
	archiveVersion = 1;
	classes = {
	};
	objectVersion = 46;
	objects = {

/* Begin PBXBuildFile section */
		89356A8D1E677C00003989C6 /* CoreDataExtensions.swift in Sources */ = {isa = PBXBuildFile; fileRef = 89356A8C1E677C00003989C6 /* CoreDataExtensions.swift */; };
		89356AE31E6F9D1A003989C6 /* SetUpViewController.swift in Sources */ = {isa = PBXBuildFile; fileRef = 89356AE21E6F9D1A003989C6 /* SetUpViewController.swift */; };
		89356AE51E6FD1B7003989C6 /* ReViewController.swift in Sources */ = {isa = PBXBuildFile; fileRef = 89356AE41E6FD1B7003989C6 /* ReViewController.swift */; };
		89A07C791E5F63A600A80BB4 /* TableViewDataManager.swift in Sources */ = {isa = PBXBuildFile; fileRef = 89A07C781E5F63A600A80BB4 /* TableViewDataManager.swift */; };
		89A07C9E1E60B3E300A80BB4 /* FlashCardViewController.swift in Sources */ = {isa = PBXBuildFile; fileRef = 89A07C9D1E60B3E300A80BB4 /* FlashCardViewController.swift */; };
		89AD6CEC1E629BDF00E6B3CB /* SelectionTableViewController.swift in Sources */ = {isa = PBXBuildFile; fileRef = 89AD6CEB1E629BDF00E6B3CB /* SelectionTableViewController.swift */; };
		89AD6D061E661CE200E6B3CB /* ResultsTableViewCell.swift in Sources */ = {isa = PBXBuildFile; fileRef = 89AD6D051E661CE200E6B3CB /* ResultsTableViewCell.swift */; };
		89AD6D081E662BA700E6B3CB /* CardViewController.swift in Sources */ = {isa = PBXBuildFile; fileRef = 89AD6D071E662BA700E6B3CB /* CardViewController.swift */; };
		89AD6D1A1E67554700E6B3CB /* DownloadViewController.swift in Sources */ = {isa = PBXBuildFile; fileRef = 89AD6D191E67554700E6B3CB /* DownloadViewController.swift */; };
		89D279A01E57B9B600CF4082 /* AppDelegate.swift in Sources */ = {isa = PBXBuildFile; fileRef = 89D2799F1E57B9B600CF4082 /* AppDelegate.swift */; };
		89D279A51E57B9B600CF4082 /* Main.storyboard in Resources */ = {isa = PBXBuildFile; fileRef = 89D279A31E57B9B600CF4082 /* Main.storyboard */; };
		89D279A81E57B9B600CF4082 /* Final_Demo.xcdatamodeld in Sources */ = {isa = PBXBuildFile; fileRef = 89D279A61E57B9B600CF4082 /* Final_Demo.xcdatamodeld */; };
		89D279AA1E57B9B600CF4082 /* Assets.xcassets in Resources */ = {isa = PBXBuildFile; fileRef = 89D279A91E57B9B600CF4082 /* Assets.xcassets */; };
		89D279AD1E57B9B600CF4082 /* LaunchScreen.storyboard in Resources */ = {isa = PBXBuildFile; fileRef = 89D279AB1E57B9B600CF4082 /* LaunchScreen.storyboard */; };
		89D279BB1E58B52000CF4082 /* TableViewCell.swift in Sources */ = {isa = PBXBuildFile; fileRef = 89D279BA1E58B52000CF4082 /* TableViewCell.swift */; };
		89D279C71E58C38A00CF4082 /* CardView.swift in Sources */ = {isa = PBXBuildFile; fileRef = 89D279C61E58C38A00CF4082 /* CardView.swift */; };
		89D279C91E58C4A200CF4082 /* CardView.xib in Resources */ = {isa = PBXBuildFile; fileRef = 89D279C81E58C4A200CF4082 /* CardView.xib */; };
		89D279D91E5BB0D000CF4082 /* DataManager.swift in Sources */ = {isa = PBXBuildFile; fileRef = 89D279D81E5BB0D000CF4082 /* DataManager.swift */; };
		89D279DB1E5BB2A800CF4082 /* CardManager.swift in Sources */ = {isa = PBXBuildFile; fileRef = 89D279DA1E5BB2A800CF4082 /* CardManager.swift */; };
		89D279E31E5CBBD700CF4082 /* HomeViewController.swift in Sources */ = {isa = PBXBuildFile; fileRef = 89D279E21E5CBBD700CF4082 /* HomeViewController.swift */; };
		89D279E51E5CDF5600CF4082 /* StatisticsViewController.swift in Sources */ = {isa = PBXBuildFile; fileRef = 89D279E41E5CDF5600CF4082 /* StatisticsViewController.swift */; };
		89D279E71E5CE44F00CF4082 /* ScrollableGraphView.swift in Sources */ = {isa = PBXBuildFile; fileRef = 89D279E61E5CE44F00CF4082 /* ScrollableGraphView.swift */; };
		89D279E91E5D35FB00CF4082 /* ResultsViewController.swift in Sources */ = {isa = PBXBuildFile; fileRef = 89D279E81E5D35FB00CF4082 /* ResultsViewController.swift */; };
		89D27A131E5E26C700CF4082 /* CollapsibleTableViewHeader.swift in Sources */ = {isa = PBXBuildFile; fileRef = 89D27A121E5E26C700CF4082 /* CollapsibleTableViewHeader.swift */; };
		89D27A151E5E271C00CF4082 /* Extensions.swift in Sources */ = {isa = PBXBuildFile; fileRef = 89D27A141E5E271C00CF4082 /* Extensions.swift */; };
		A13C092F1E672B5900039BE1 /* DownloadManager.swift in Sources */ = {isa = PBXBuildFile; fileRef = A13C092E1E672B5900039BE1 /* DownloadManager.swift */; };
		A13C09471E68A7C200039BE1 /* ButtonStyleManager.swift in Sources */ = {isa = PBXBuildFile; fileRef = A13C09461E68A7C200039BE1 /* ButtonStyleManager.swift */; };
		A13C09491E68A7F300039BE1 /* TableViewStyleManager.swift in Sources */ = {isa = PBXBuildFile; fileRef = A13C09481E68A7F300039BE1 /* TableViewStyleManager.swift */; };
		A13C094B1E68A80700039BE1 /* SaveButtonStyleManager.swift in Sources */ = {isa = PBXBuildFile; fileRef = A13C094A1E68A80700039BE1 /* SaveButtonStyleManager.swift */; };
		A13C094D1E68A82700039BE1 /* SegmentedControllerStyleManager.swift in Sources */ = {isa = PBXBuildFile; fileRef = A13C094C1E68A82700039BE1 /* SegmentedControllerStyleManager.swift */; };
		A13C09531E6B6E3900039BE1 /* SwiftSpinner.swift in Sources */ = {isa = PBXBuildFile; fileRef = A13C09521E6B6E3900039BE1 /* SwiftSpinner.swift */; };
		A13C09591E6E2B9B00039BE1 /* AddCardViewController.swift in Sources */ = {isa = PBXBuildFile; fileRef = A13C09581E6E2B9B00039BE1 /* AddCardViewController.swift */; };
		A16C47D41E6E462B004CC845 /* TextViewStyleManager.swift in Sources */ = {isa = PBXBuildFile; fileRef = A16C47D31E6E462B004CC845 /* TextViewStyleManager.swift */; };
/* End PBXBuildFile section */

/* Begin PBXFileReference section */
		893356CF1E72F37D006B75FA /* CardObject+CoreDataClass.swift */ = {isa = PBXFileReference; fileEncoding = 4; lastKnownFileType = sourcecode.swift; path = "CardObject+CoreDataClass.swift"; sourceTree = "<group>"; };
		893356D01E72F37D006B75FA /* CardObject+CoreDataProperties.swift */ = {isa = PBXFileReference; fileEncoding = 4; lastKnownFileType = sourcecode.swift; path = "CardObject+CoreDataProperties.swift"; sourceTree = "<group>"; };
		893356D11E72F37D006B75FA /* SectionObject+CoreDataClass.swift */ = {isa = PBXFileReference; fileEncoding = 4; lastKnownFileType = sourcecode.swift; path = "SectionObject+CoreDataClass.swift"; sourceTree = "<group>"; };
		893356D21E72F37D006B75FA /* SectionObject+CoreDataProperties.swift */ = {isa = PBXFileReference; fileEncoding = 4; lastKnownFileType = sourcecode.swift; path = "SectionObject+CoreDataProperties.swift"; sourceTree = "<group>"; };
		893356D31E72F37D006B75FA /* CategoryObject+CoreDataClass.swift */ = {isa = PBXFileReference; fileEncoding = 4; lastKnownFileType = sourcecode.swift; path = "CategoryObject+CoreDataClass.swift"; sourceTree = "<group>"; };
		893356D41E72F37D006B75FA /* CategoryObject+CoreDataProperties.swift */ = {isa = PBXFileReference; fileEncoding = 4; lastKnownFileType = sourcecode.swift; path = "CategoryObject+CoreDataProperties.swift"; sourceTree = "<group>"; };
		893356D51E72F37D006B75FA /* SetObject+CoreDataClass.swift */ = {isa = PBXFileReference; fileEncoding = 4; lastKnownFileType = sourcecode.swift; path = "SetObject+CoreDataClass.swift"; sourceTree = "<group>"; };
		893356D61E72F37D006B75FA /* SetObject+CoreDataProperties.swift */ = {isa = PBXFileReference; fileEncoding = 4; lastKnownFileType = sourcecode.swift; path = "SetObject+CoreDataProperties.swift"; sourceTree = "<group>"; };
		89356A8C1E677C00003989C6 /* CoreDataExtensions.swift */ = {isa = PBXFileReference; fileEncoding = 4; lastKnownFileType = sourcecode.swift; path = CoreDataExtensions.swift; sourceTree = "<group>"; };
		89356AE21E6F9D1A003989C6 /* SetUpViewController.swift */ = {isa = PBXFileReference; fileEncoding = 4; lastKnownFileType = sourcecode.swift; path = SetUpViewController.swift; sourceTree = "<group>"; };
		89356AE41E6FD1B7003989C6 /* ReViewController.swift */ = {isa = PBXFileReference; fileEncoding = 4; lastKnownFileType = sourcecode.swift; path = ReViewController.swift; sourceTree = "<group>"; };
		89A07C781E5F63A600A80BB4 /* TableViewDataManager.swift */ = {isa = PBXFileReference; fileEncoding = 4; lastKnownFileType = sourcecode.swift; name = TableViewDataManager.swift; path = "Final Demo/TableViewDataManager.swift"; sourceTree = "<group>"; };
		89A07C9D1E60B3E300A80BB4 /* FlashCardViewController.swift */ = {isa = PBXFileReference; fileEncoding = 4; lastKnownFileType = sourcecode.swift; path = FlashCardViewController.swift; sourceTree = "<group>"; };
		89AD6CEB1E629BDF00E6B3CB /* SelectionTableViewController.swift */ = {isa = PBXFileReference; fileEncoding = 4; lastKnownFileType = sourcecode.swift; name = SelectionTableViewController.swift; path = "Final Demo/SelectionTableViewController.swift"; sourceTree = "<group>"; };
		89AD6D051E661CE200E6B3CB /* ResultsTableViewCell.swift */ = {isa = PBXFileReference; fileEncoding = 4; lastKnownFileType = sourcecode.swift; path = ResultsTableViewCell.swift; sourceTree = "<group>"; };
		89AD6D071E662BA700E6B3CB /* CardViewController.swift */ = {isa = PBXFileReference; fileEncoding = 4; lastKnownFileType = sourcecode.swift; path = CardViewController.swift; sourceTree = "<group>"; };
		89AD6D191E67554700E6B3CB /* DownloadViewController.swift */ = {isa = PBXFileReference; fileEncoding = 4; lastKnownFileType = sourcecode.swift; path = DownloadViewController.swift; sourceTree = "<group>"; };
		89D2799C1E57B9B600CF4082 /* Final Demo.app */ = {isa = PBXFileReference; explicitFileType = wrapper.application; includeInIndex = 0; path = "Final Demo.app"; sourceTree = BUILT_PRODUCTS_DIR; };
		89D2799F1E57B9B600CF4082 /* AppDelegate.swift */ = {isa = PBXFileReference; lastKnownFileType = sourcecode.swift; path = AppDelegate.swift; sourceTree = "<group>"; };
		89D279A41E57B9B600CF4082 /* Base */ = {isa = PBXFileReference; lastKnownFileType = file.storyboard; name = Base; path = Base.lproj/Main.storyboard; sourceTree = "<group>"; };
		89D279A71E57B9B600CF4082 /* Final_Demo.xcdatamodel */ = {isa = PBXFileReference; lastKnownFileType = wrapper.xcdatamodel; path = Final_Demo.xcdatamodel; sourceTree = "<group>"; };
		89D279A91E57B9B600CF4082 /* Assets.xcassets */ = {isa = PBXFileReference; lastKnownFileType = folder.assetcatalog; path = Assets.xcassets; sourceTree = "<group>"; };
		89D279AC1E57B9B600CF4082 /* Base */ = {isa = PBXFileReference; lastKnownFileType = file.storyboard; name = Base; path = Base.lproj/LaunchScreen.storyboard; sourceTree = "<group>"; };
		89D279AE1E57B9B600CF4082 /* Info.plist */ = {isa = PBXFileReference; lastKnownFileType = text.plist.xml; path = Info.plist; sourceTree = "<group>"; };
		89D279BA1E58B52000CF4082 /* TableViewCell.swift */ = {isa = PBXFileReference; fileEncoding = 4; lastKnownFileType = sourcecode.swift; path = TableViewCell.swift; sourceTree = "<group>"; };
		89D279C61E58C38A00CF4082 /* CardView.swift */ = {isa = PBXFileReference; fileEncoding = 4; lastKnownFileType = sourcecode.swift; path = CardView.swift; sourceTree = "<group>"; };
		89D279C81E58C4A200CF4082 /* CardView.xib */ = {isa = PBXFileReference; fileEncoding = 4; lastKnownFileType = file.xib; path = CardView.xib; sourceTree = "<group>"; };
		89D279D81E5BB0D000CF4082 /* DataManager.swift */ = {isa = PBXFileReference; fileEncoding = 4; lastKnownFileType = sourcecode.swift; name = DataManager.swift; path = "Final Demo/DataManager.swift"; sourceTree = "<group>"; };
		89D279DA1E5BB2A800CF4082 /* CardManager.swift */ = {isa = PBXFileReference; fileEncoding = 4; lastKnownFileType = sourcecode.swift; path = CardManager.swift; sourceTree = "<group>"; };
		89D279E21E5CBBD700CF4082 /* HomeViewController.swift */ = {isa = PBXFileReference; fileEncoding = 4; lastKnownFileType = sourcecode.swift; path = HomeViewController.swift; sourceTree = "<group>"; };
		89D279E41E5CDF5600CF4082 /* StatisticsViewController.swift */ = {isa = PBXFileReference; fileEncoding = 4; lastKnownFileType = sourcecode.swift; path = StatisticsViewController.swift; sourceTree = "<group>"; };
		89D279E61E5CE44F00CF4082 /* ScrollableGraphView.swift */ = {isa = PBXFileReference; fileEncoding = 4; lastKnownFileType = sourcecode.swift; path = ScrollableGraphView.swift; sourceTree = "<group>"; };
		89D279E81E5D35FB00CF4082 /* ResultsViewController.swift */ = {isa = PBXFileReference; fileEncoding = 4; lastKnownFileType = sourcecode.swift; path = ResultsViewController.swift; sourceTree = "<group>"; };
		89D27A121E5E26C700CF4082 /* CollapsibleTableViewHeader.swift */ = {isa = PBXFileReference; fileEncoding = 4; lastKnownFileType = sourcecode.swift; path = CollapsibleTableViewHeader.swift; sourceTree = "<group>"; };
		89D27A141E5E271C00CF4082 /* Extensions.swift */ = {isa = PBXFileReference; fileEncoding = 4; lastKnownFileType = sourcecode.swift; path = Extensions.swift; sourceTree = "<group>"; };
		A13C092E1E672B5900039BE1 /* DownloadManager.swift */ = {isa = PBXFileReference; fileEncoding = 4; lastKnownFileType = sourcecode.swift; path = DownloadManager.swift; sourceTree = "<group>"; };
		A13C09461E68A7C200039BE1 /* ButtonStyleManager.swift */ = {isa = PBXFileReference; fileEncoding = 4; lastKnownFileType = sourcecode.swift; path = ButtonStyleManager.swift; sourceTree = "<group>"; };
		A13C09481E68A7F300039BE1 /* TableViewStyleManager.swift */ = {isa = PBXFileReference; fileEncoding = 4; lastKnownFileType = sourcecode.swift; path = TableViewStyleManager.swift; sourceTree = "<group>"; };
		A13C094A1E68A80700039BE1 /* SaveButtonStyleManager.swift */ = {isa = PBXFileReference; fileEncoding = 4; lastKnownFileType = sourcecode.swift; path = SaveButtonStyleManager.swift; sourceTree = "<group>"; };
		A13C094C1E68A82700039BE1 /* SegmentedControllerStyleManager.swift */ = {isa = PBXFileReference; fileEncoding = 4; lastKnownFileType = sourcecode.swift; path = SegmentedControllerStyleManager.swift; sourceTree = "<group>"; };
		A13C09521E6B6E3900039BE1 /* SwiftSpinner.swift */ = {isa = PBXFileReference; fileEncoding = 4; lastKnownFileType = sourcecode.swift; path = SwiftSpinner.swift; sourceTree = "<group>"; };
		A13C09581E6E2B9B00039BE1 /* AddCardViewController.swift */ = {isa = PBXFileReference; fileEncoding = 4; lastKnownFileType = sourcecode.swift; path = AddCardViewController.swift; sourceTree = "<group>"; };
		A16C47D31E6E462B004CC845 /* TextViewStyleManager.swift */ = {isa = PBXFileReference; fileEncoding = 4; lastKnownFileType = sourcecode.swift; path = TextViewStyleManager.swift; sourceTree = "<group>"; };
/* End PBXFileReference section */

/* Begin PBXFrameworksBuildPhase section */
		89D279991E57B9B600CF4082 /* Frameworks */ = {
			isa = PBXFrameworksBuildPhase;
			buildActionMask = 2147483647;
			files = (
			);
			runOnlyForDeploymentPostprocessing = 0;
		};
/* End PBXFrameworksBuildPhase section */

/* Begin PBXGroup section */
		893356CA1E72F0F0006B75FA /* CoreData */ = {
			isa = PBXGroup;
			children = (
				893356CF1E72F37D006B75FA /* CardObject+CoreDataClass.swift */,
				893356D01E72F37D006B75FA /* CardObject+CoreDataProperties.swift */,
				893356D11E72F37D006B75FA /* SectionObject+CoreDataClass.swift */,
				893356D21E72F37D006B75FA /* SectionObject+CoreDataProperties.swift */,
				893356D31E72F37D006B75FA /* CategoryObject+CoreDataClass.swift */,
				893356D41E72F37D006B75FA /* CategoryObject+CoreDataProperties.swift */,
				893356D51E72F37D006B75FA /* SetObject+CoreDataClass.swift */,
				893356D61E72F37D006B75FA /* SetObject+CoreDataProperties.swift */,
				89356A8C1E677C00003989C6 /* CoreDataExtensions.swift */,
				89D279D81E5BB0D000CF4082 /* DataManager.swift */,
			);
			name = CoreData;
			sourceTree = "<group>";
		};
		893356CC1E72F134006B75FA /* SelectionTableView Superclass */ = {
			isa = PBXGroup;
			children = (
				89AD6CEB1E629BDF00E6B3CB /* SelectionTableViewController.swift */,
				89A07C781E5F63A600A80BB4 /* TableViewDataManager.swift */,
			);
			name = "SelectionTableView Superclass";
			sourceTree = "<group>";
		};
		893356CD1E72F205006B75FA /* UI Classes */ = {
			isa = PBXGroup;
			children = (
				89D279BA1E58B52000CF4082 /* TableViewCell.swift */,
				89AD6D051E661CE200E6B3CB /* ResultsTableViewCell.swift */,
				A13C09461E68A7C200039BE1 /* ButtonStyleManager.swift */,
				89D27A121E5E26C700CF4082 /* CollapsibleTableViewHeader.swift */,
				89D27A141E5E271C00CF4082 /* Extensions.swift */,
				A13C094A1E68A80700039BE1 /* SaveButtonStyleManager.swift */,
				89D279E61E5CE44F00CF4082 /* ScrollableGraphView.swift */,
				A13C094C1E68A82700039BE1 /* SegmentedControllerStyleManager.swift */,
				A13C09521E6B6E3900039BE1 /* SwiftSpinner.swift */,
				A13C09481E68A7F300039BE1 /* TableViewStyleManager.swift */,
				A16C47D31E6E462B004CC845 /* TextViewStyleManager.swift */,
			);
			name = "UI Classes";
			path = "Final Demo";
			sourceTree = "<group>";
		};
		893356CE1E72F2C0006B75FA /* Card Classes */ = {
			isa = PBXGroup;
			children = (
				89D279C61E58C38A00CF4082 /* CardView.swift */,
				89D279C81E58C4A200CF4082 /* CardView.xib */,
			);
			name = "Card Classes";
			path = "Final Demo";
			sourceTree = "<group>";
		};
		89D279931E57B9B600CF4082 = {
			isa = PBXGroup;
			children = (
				893356CA1E72F0F0006B75FA /* CoreData */,
				893356CC1E72F134006B75FA /* SelectionTableView Superclass */,
				893356CD1E72F205006B75FA /* UI Classes */,
				893356CE1E72F2C0006B75FA /* Card Classes */,
				89D2799E1E57B9B600CF4082 /* Final Demo */,
				89D2799D1E57B9B600CF4082 /* Products */,
			);
			sourceTree = "<group>";
		};
		89D2799D1E57B9B600CF4082 /* Products */ = {
			isa = PBXGroup;
			children = (
				89D2799C1E57B9B600CF4082 /* Final Demo.app */,
			);
			name = Products;
			sourceTree = "<group>";
		};
		89D2799E1E57B9B600CF4082 /* Final Demo */ = {
			isa = PBXGroup;
			children = (
				89D279DA1E5BB2A800CF4082 /* CardManager.swift */,
				A13C092E1E672B5900039BE1 /* DownloadManager.swift */,
				89AD6D191E67554700E6B3CB /* DownloadViewController.swift */,
				A13C09581E6E2B9B00039BE1 /* AddCardViewController.swift */,
				89AD6D071E662BA700E6B3CB /* CardViewController.swift */,
				89A07C9D1E60B3E300A80BB4 /* FlashCardViewController.swift */,
				89D279E21E5CBBD700CF4082 /* HomeViewController.swift */,
				89D279E81E5D35FB00CF4082 /* ResultsViewController.swift */,
				89356AE41E6FD1B7003989C6 /* ReViewController.swift */,
				89356AE21E6F9D1A003989C6 /* SetUpViewController.swift */,
				89D279E41E5CDF5600CF4082 /* StatisticsViewController.swift */,
				89D279A31E57B9B600CF4082 /* Main.storyboard */,
				89D279A91E57B9B600CF4082 /* Assets.xcassets */,
				89D279AB1E57B9B600CF4082 /* LaunchScreen.storyboard */,
				89D2799F1E57B9B600CF4082 /* AppDelegate.swift */,
				89D279AE1E57B9B600CF4082 /* Info.plist */,
				89D279A61E57B9B600CF4082 /* Final_Demo.xcdatamodeld */,
			);
			path = "Final Demo";
			sourceTree = "<group>";
		};
/* End PBXGroup section */

/* Begin PBXNativeTarget section */
		89D2799B1E57B9B600CF4082 /* Final Demo */ = {
			isa = PBXNativeTarget;
			buildConfigurationList = 89D279B11E57B9B600CF4082 /* Build configuration list for PBXNativeTarget "Final Demo" */;
			buildPhases = (
				89D279981E57B9B600CF4082 /* Sources */,
				89D279991E57B9B600CF4082 /* Frameworks */,
				89D2799A1E57B9B600CF4082 /* Resources */,
			);
			buildRules = (
			);
			dependencies = (
			);
			name = "Final Demo";
			productName = "Final Demo";
			productReference = 89D2799C1E57B9B600CF4082 /* Final Demo.app */;
			productType = "com.apple.product-type.application";
		};
/* End PBXNativeTarget section */

/* Begin PBXProject section */
		89D279941E57B9B600CF4082 /* Project object */ = {
			isa = PBXProject;
			attributes = {
				LastSwiftUpdateCheck = 0820;
				LastUpgradeCheck = 0820;
				ORGANIZATIONNAME = "Minhung Ling";
				TargetAttributes = {
					89D2799B1E57B9B600CF4082 = {
						CreatedOnToolsVersion = 8.2.1;
						DevelopmentTeam = 728VJ25T5V;
						ProvisioningStyle = Automatic;
					};
				};
			};
			buildConfigurationList = 89D279971E57B9B600CF4082 /* Build configuration list for PBXProject "Final Demo" */;
			compatibilityVersion = "Xcode 3.2";
			developmentRegion = English;
			hasScannedForEncodings = 0;
			knownRegions = (
				en,
				Base,
			);
			mainGroup = 89D279931E57B9B600CF4082;
			productRefGroup = 89D2799D1E57B9B600CF4082 /* Products */;
			projectDirPath = "";
			projectRoot = "";
			targets = (
				89D2799B1E57B9B600CF4082 /* Final Demo */,
			);
		};
/* End PBXProject section */

/* Begin PBXResourcesBuildPhase section */
		89D2799A1E57B9B600CF4082 /* Resources */ = {
			isa = PBXResourcesBuildPhase;
			buildActionMask = 2147483647;
			files = (
				89D279AD1E57B9B600CF4082 /* LaunchScreen.storyboard in Resources */,
				89D279AA1E57B9B600CF4082 /* Assets.xcassets in Resources */,
				89D279C91E58C4A200CF4082 /* CardView.xib in Resources */,
				89D279A51E57B9B600CF4082 /* Main.storyboard in Resources */,
			);
			runOnlyForDeploymentPostprocessing = 0;
		};
/* End PBXResourcesBuildPhase section */

/* Begin PBXSourcesBuildPhase section */
		89D279981E57B9B600CF4082 /* Sources */ = {
			isa = PBXSourcesBuildPhase;
			buildActionMask = 2147483647;
			files = (
				89D279BB1E58B52000CF4082 /* TableViewCell.swift in Sources */,
				89D27A151E5E271C00CF4082 /* Extensions.swift in Sources */,
				A13C094D1E68A82700039BE1 /* SegmentedControllerStyleManager.swift in Sources */,
				89AD6D1A1E67554700E6B3CB /* DownloadViewController.swift in Sources */,
				89356AE31E6F9D1A003989C6 /* SetUpViewController.swift in Sources */,
				89D279D91E5BB0D000CF4082 /* DataManager.swift in Sources */,
				A13C09531E6B6E3900039BE1 /* SwiftSpinner.swift in Sources */,
				89AD6D061E661CE200E6B3CB /* ResultsTableViewCell.swift in Sources */,
				A16C47D41E6E462B004CC845 /* TextViewStyleManager.swift in Sources */,
				A13C09491E68A7F300039BE1 /* TableViewStyleManager.swift in Sources */,
				89D279A81E57B9B600CF4082 /* Final_Demo.xcdatamodeld in Sources */,
				A13C09591E6E2B9B00039BE1 /* AddCardViewController.swift in Sources */,
				89356AE51E6FD1B7003989C6 /* ReViewController.swift in Sources */,
				89D27A131E5E26C700CF4082 /* CollapsibleTableViewHeader.swift in Sources */,
				89D279E91E5D35FB00CF4082 /* ResultsViewController.swift in Sources */,
				A13C094B1E68A80700039BE1 /* SaveButtonStyleManager.swift in Sources */,
				A13C09471E68A7C200039BE1 /* ButtonStyleManager.swift in Sources */,
				89D279DB1E5BB2A800CF4082 /* CardManager.swift in Sources */,
				89D279C71E58C38A00CF4082 /* CardView.swift in Sources */,
				89D279E71E5CE44F00CF4082 /* ScrollableGraphView.swift in Sources */,
				89D279E31E5CBBD700CF4082 /* HomeViewController.swift in Sources */,
				89D279A01E57B9B600CF4082 /* AppDelegate.swift in Sources */,
				89AD6D081E662BA700E6B3CB /* CardViewController.swift in Sources */,
				89356A8D1E677C00003989C6 /* CoreDataExtensions.swift in Sources */,
				A13C092F1E672B5900039BE1 /* DownloadManager.swift in Sources */,
				89A07C791E5F63A600A80BB4 /* TableViewDataManager.swift in Sources */,
				89D279E51E5CDF5600CF4082 /* StatisticsViewController.swift in Sources */,
				89A07C9E1E60B3E300A80BB4 /* FlashCardViewController.swift in Sources */,
				89AD6CEC1E629BDF00E6B3CB /* SelectionTableViewController.swift in Sources */,
			);
			runOnlyForDeploymentPostprocessing = 0;
		};
/* End PBXSourcesBuildPhase section */

/* Begin PBXVariantGroup section */
		89D279A31E57B9B600CF4082 /* Main.storyboard */ = {
			isa = PBXVariantGroup;
			children = (
				89D279A41E57B9B600CF4082 /* Base */,
			);
			name = Main.storyboard;
			sourceTree = "<group>";
		};
		89D279AB1E57B9B600CF4082 /* LaunchScreen.storyboard */ = {
			isa = PBXVariantGroup;
			children = (
				89D279AC1E57B9B600CF4082 /* Base */,
			);
			name = LaunchScreen.storyboard;
			sourceTree = "<group>";
		};
/* End PBXVariantGroup section */

/* Begin XCBuildConfiguration section */
		89D279AF1E57B9B600CF4082 /* Debug */ = {
			isa = XCBuildConfiguration;
			buildSettings = {
				ALWAYS_SEARCH_USER_PATHS = NO;
				CLANG_ANALYZER_NONNULL = YES;
				CLANG_CXX_LANGUAGE_STANDARD = "gnu++0x";
				CLANG_CXX_LIBRARY = "libc++";
				CLANG_ENABLE_MODULES = YES;
				CLANG_ENABLE_OBJC_ARC = YES;
				CLANG_WARN_BOOL_CONVERSION = YES;
				CLANG_WARN_CONSTANT_CONVERSION = YES;
				CLANG_WARN_DIRECT_OBJC_ISA_USAGE = YES_ERROR;
				CLANG_WARN_DOCUMENTATION_COMMENTS = YES;
				CLANG_WARN_EMPTY_BODY = YES;
				CLANG_WARN_ENUM_CONVERSION = YES;
				CLANG_WARN_INFINITE_RECURSION = YES;
				CLANG_WARN_INT_CONVERSION = YES;
				CLANG_WARN_OBJC_ROOT_CLASS = YES_ERROR;
				CLANG_WARN_SUSPICIOUS_MOVE = YES;
				CLANG_WARN_UNREACHABLE_CODE = YES;
				CLANG_WARN__DUPLICATE_METHOD_MATCH = YES;
				"CODE_SIGN_IDENTITY[sdk=iphoneos*]" = "iPhone Developer";
				COPY_PHASE_STRIP = NO;
				DEBUG_INFORMATION_FORMAT = dwarf;
				ENABLE_STRICT_OBJC_MSGSEND = YES;
				ENABLE_TESTABILITY = YES;
				GCC_C_LANGUAGE_STANDARD = gnu99;
				GCC_DYNAMIC_NO_PIC = NO;
				GCC_NO_COMMON_BLOCKS = YES;
				GCC_OPTIMIZATION_LEVEL = 0;
				GCC_PREPROCESSOR_DEFINITIONS = (
					"DEBUG=1",
					"$(inherited)",
				);
				GCC_WARN_64_TO_32_BIT_CONVERSION = YES;
				GCC_WARN_ABOUT_RETURN_TYPE = YES_ERROR;
				GCC_WARN_UNDECLARED_SELECTOR = YES;
				GCC_WARN_UNINITIALIZED_AUTOS = YES_AGGRESSIVE;
				GCC_WARN_UNUSED_FUNCTION = YES;
				GCC_WARN_UNUSED_VARIABLE = YES;
				IPHONEOS_DEPLOYMENT_TARGET = 10.2;
				MTL_ENABLE_DEBUG_INFO = YES;
				ONLY_ACTIVE_ARCH = YES;
				SDKROOT = iphoneos;
				SWIFT_ACTIVE_COMPILATION_CONDITIONS = DEBUG;
				SWIFT_OPTIMIZATION_LEVEL = "-Onone";
				TARGETED_DEVICE_FAMILY = "1,2";
			};
			name = Debug;
		};
		89D279B01E57B9B600CF4082 /* Release */ = {
			isa = XCBuildConfiguration;
			buildSettings = {
				ALWAYS_SEARCH_USER_PATHS = NO;
				CLANG_ANALYZER_NONNULL = YES;
				CLANG_CXX_LANGUAGE_STANDARD = "gnu++0x";
				CLANG_CXX_LIBRARY = "libc++";
				CLANG_ENABLE_MODULES = YES;
				CLANG_ENABLE_OBJC_ARC = YES;
				CLANG_WARN_BOOL_CONVERSION = YES;
				CLANG_WARN_CONSTANT_CONVERSION = YES;
				CLANG_WARN_DIRECT_OBJC_ISA_USAGE = YES_ERROR;
				CLANG_WARN_DOCUMENTATION_COMMENTS = YES;
				CLANG_WARN_EMPTY_BODY = YES;
				CLANG_WARN_ENUM_CONVERSION = YES;
				CLANG_WARN_INFINITE_RECURSION = YES;
				CLANG_WARN_INT_CONVERSION = YES;
				CLANG_WARN_OBJC_ROOT_CLASS = YES_ERROR;
				CLANG_WARN_SUSPICIOUS_MOVE = YES;
				CLANG_WARN_UNREACHABLE_CODE = YES;
				CLANG_WARN__DUPLICATE_METHOD_MATCH = YES;
				"CODE_SIGN_IDENTITY[sdk=iphoneos*]" = "iPhone Developer";
				COPY_PHASE_STRIP = NO;
				DEBUG_INFORMATION_FORMAT = "dwarf-with-dsym";
				ENABLE_NS_ASSERTIONS = NO;
				ENABLE_STRICT_OBJC_MSGSEND = YES;
				GCC_C_LANGUAGE_STANDARD = gnu99;
				GCC_NO_COMMON_BLOCKS = YES;
				GCC_WARN_64_TO_32_BIT_CONVERSION = YES;
				GCC_WARN_ABOUT_RETURN_TYPE = YES_ERROR;
				GCC_WARN_UNDECLARED_SELECTOR = YES;
				GCC_WARN_UNINITIALIZED_AUTOS = YES_AGGRESSIVE;
				GCC_WARN_UNUSED_FUNCTION = YES;
				GCC_WARN_UNUSED_VARIABLE = YES;
				IPHONEOS_DEPLOYMENT_TARGET = 10.2;
				MTL_ENABLE_DEBUG_INFO = NO;
				SDKROOT = iphoneos;
				SWIFT_OPTIMIZATION_LEVEL = "-Owholemodule";
				TARGETED_DEVICE_FAMILY = "1,2";
				VALIDATE_PRODUCT = YES;
			};
			name = Release;
		};
		89D279B21E57B9B600CF4082 /* Debug */ = {
			isa = XCBuildConfiguration;
			buildSettings = {
				ASSETCATALOG_COMPILER_APPICON_NAME = AppIcon;
				DEVELOPMENT_TEAM = 728VJ25T5V;
				INFOPLIST_FILE = "Final Demo/Info.plist";
				LD_RUNPATH_SEARCH_PATHS = "$(inherited) @executable_path/Frameworks";
				PRODUCT_BUNDLE_IDENTIFIER = com.MinhungLing;
				PRODUCT_NAME = "$(TARGET_NAME)";
				SWIFT_VERSION = 3.0;
			};
			name = Debug;
		};
		89D279B31E57B9B600CF4082 /* Release */ = {
			isa = XCBuildConfiguration;
			buildSettings = {
				ASSETCATALOG_COMPILER_APPICON_NAME = AppIcon;
				DEVELOPMENT_TEAM = 728VJ25T5V;
				INFOPLIST_FILE = "Final Demo/Info.plist";
				LD_RUNPATH_SEARCH_PATHS = "$(inherited) @executable_path/Frameworks";
				PRODUCT_BUNDLE_IDENTIFIER = com.MinhungLing;
				PRODUCT_NAME = "$(TARGET_NAME)";
				SWIFT_VERSION = 3.0;
			};
			name = Release;
		};
/* End XCBuildConfiguration section */

/* Begin XCConfigurationList section */
		89D279971E57B9B600CF4082 /* Build configuration list for PBXProject "Final Demo" */ = {
			isa = XCConfigurationList;
			buildConfigurations = (
				89D279AF1E57B9B600CF4082 /* Debug */,
				89D279B01E57B9B600CF4082 /* Release */,
			);
			defaultConfigurationIsVisible = 0;
			defaultConfigurationName = Release;
		};
		89D279B11E57B9B600CF4082 /* Build configuration list for PBXNativeTarget "Final Demo" */ = {
			isa = XCConfigurationList;
			buildConfigurations = (
				89D279B21E57B9B600CF4082 /* Debug */,
				89D279B31E57B9B600CF4082 /* Release */,
			);
			defaultConfigurationIsVisible = 0;
			defaultConfigurationName = Release;
		};
/* End XCConfigurationList section */

/* Begin XCVersionGroup section */
		89D279A61E57B9B600CF4082 /* Final_Demo.xcdatamodeld */ = {
			isa = XCVersionGroup;
			children = (
				89D279A71E57B9B600CF4082 /* Final_Demo.xcdatamodel */,
			);
			currentVersion = 89D279A71E57B9B600CF4082 /* Final_Demo.xcdatamodel */;
			path = Final_Demo.xcdatamodeld;
			sourceTree = "<group>";
			versionGroupType = wrapper.xcdatamodel;
		};
/* End XCVersionGroup section */
	};
	rootObject = 89D279941E57B9B600CF4082 /* Project object */;
}
