// !$*UTF8*$!
{
	archiveVersion = 1;
	classes = {
	};
	objectVersion = 46;
	objects = {

/* Begin PBXBuildFile section */
		89D279A01E57B9B600CF4082 /* AppDelegate.swift in Sources */ = {isa = PBXBuildFile; fileRef = 89D2799F1E57B9B600CF4082 /* AppDelegate.swift */; };
		89D279A51E57B9B600CF4082 /* Main.storyboard in Resources */ = {isa = PBXBuildFile; fileRef = 89D279A31E57B9B600CF4082 /* Main.storyboard */; };
		89D279A81E57B9B600CF4082 /* Final_Demo.xcdatamodeld in Sources */ = {isa = PBXBuildFile; fileRef = 89D279A61E57B9B600CF4082 /* Final_Demo.xcdatamodeld */; };
		89D279AA1E57B9B600CF4082 /* Assets.xcassets in Resources */ = {isa = PBXBuildFile; fileRef = 89D279A91E57B9B600CF4082 /* Assets.xcassets */; };
		89D279AD1E57B9B600CF4082 /* LaunchScreen.storyboard in Resources */ = {isa = PBXBuildFile; fileRef = 89D279AB1E57B9B600CF4082 /* LaunchScreen.storyboard */; };
		89D279B91E58B07000CF4082 /* SampleScript.swift in Sources */ = {isa = PBXBuildFile; fileRef = 89D279B81E58B07000CF4082 /* SampleScript.swift */; };
		89D279BB1E58B52000CF4082 /* TableViewCell.swift in Sources */ = {isa = PBXBuildFile; fileRef = 89D279BA1E58B52000CF4082 /* TableViewCell.swift */; };
		89D279BD1E58B75300CF4082 /* Manager.swift in Sources */ = {isa = PBXBuildFile; fileRef = 89D279BC1E58B75300CF4082 /* Manager.swift */; };
		89D279BF1E58BC4400CF4082 /* MemoryViewController.swift in Sources */ = {isa = PBXBuildFile; fileRef = 89D279BE1E58BC4400CF4082 /* MemoryViewController.swift */; };
		89D279C71E58C38A00CF4082 /* CardView.swift in Sources */ = {isa = PBXBuildFile; fileRef = 89D279C61E58C38A00CF4082 /* CardView.swift */; };
		89D279C91E58C4A200CF4082 /* CardView.xib in Resources */ = {isa = PBXBuildFile; fileRef = 89D279C81E58C4A200CF4082 /* CardView.xib */; };
		89D279CB1E58CC0600CF4082 /* SampleCard.swift in Sources */ = {isa = PBXBuildFile; fileRef = 89D279CA1E58CC0600CF4082 /* SampleCard.swift */; };
		89D279D91E5BB0D000CF4082 /* DataManager.swift in Sources */ = {isa = PBXBuildFile; fileRef = 89D279D81E5BB0D000CF4082 /* DataManager.swift */; };
		89D279DB1E5BB2A800CF4082 /* CardManager.swift in Sources */ = {isa = PBXBuildFile; fileRef = 89D279DA1E5BB2A800CF4082 /* CardManager.swift */; };
		89D279DD1E5BB41E00CF4082 /* AddCardViewController.swift in Sources */ = {isa = PBXBuildFile; fileRef = 89D279DC1E5BB41E00CF4082 /* AddCardViewController.swift */; };
		89D279E31E5CBBD700CF4082 /* HomeViewController.swift in Sources */ = {isa = PBXBuildFile; fileRef = 89D279E21E5CBBD700CF4082 /* HomeViewController.swift */; };
		89D279E51E5CDF5600CF4082 /* StatisticsViewController.swift in Sources */ = {isa = PBXBuildFile; fileRef = 89D279E41E5CDF5600CF4082 /* StatisticsViewController.swift */; };
/* End PBXBuildFile section */

/* Begin PBXFileReference section */
		89D2799C1E57B9B600CF4082 /* Final Demo.app */ = {isa = PBXFileReference; explicitFileType = wrapper.application; includeInIndex = 0; path = "Final Demo.app"; sourceTree = BUILT_PRODUCTS_DIR; };
		89D2799F1E57B9B600CF4082 /* AppDelegate.swift */ = {isa = PBXFileReference; lastKnownFileType = sourcecode.swift; path = AppDelegate.swift; sourceTree = "<group>"; };
		89D279A41E57B9B600CF4082 /* Base */ = {isa = PBXFileReference; lastKnownFileType = file.storyboard; name = Base; path = Base.lproj/Main.storyboard; sourceTree = "<group>"; };
		89D279A71E57B9B600CF4082 /* Final_Demo.xcdatamodel */ = {isa = PBXFileReference; lastKnownFileType = wrapper.xcdatamodel; path = Final_Demo.xcdatamodel; sourceTree = "<group>"; };
		89D279A91E57B9B600CF4082 /* Assets.xcassets */ = {isa = PBXFileReference; lastKnownFileType = folder.assetcatalog; path = Assets.xcassets; sourceTree = "<group>"; };
		89D279AC1E57B9B600CF4082 /* Base */ = {isa = PBXFileReference; lastKnownFileType = file.storyboard; name = Base; path = Base.lproj/LaunchScreen.storyboard; sourceTree = "<group>"; };
		89D279AE1E57B9B600CF4082 /* Info.plist */ = {isa = PBXFileReference; lastKnownFileType = text.plist.xml; path = Info.plist; sourceTree = "<group>"; };
		89D279B81E58B07000CF4082 /* SampleScript.swift */ = {isa = PBXFileReference; fileEncoding = 4; lastKnownFileType = sourcecode.swift; path = SampleScript.swift; sourceTree = "<group>"; };
		89D279BA1E58B52000CF4082 /* TableViewCell.swift */ = {isa = PBXFileReference; fileEncoding = 4; lastKnownFileType = sourcecode.swift; path = TableViewCell.swift; sourceTree = "<group>"; };
		89D279BC1E58B75300CF4082 /* Manager.swift */ = {isa = PBXFileReference; fileEncoding = 4; lastKnownFileType = sourcecode.swift; path = Manager.swift; sourceTree = "<group>"; };
		89D279BE1E58BC4400CF4082 /* MemoryViewController.swift */ = {isa = PBXFileReference; fileEncoding = 4; lastKnownFileType = sourcecode.swift; path = MemoryViewController.swift; sourceTree = "<group>"; };
		89D279C61E58C38A00CF4082 /* CardView.swift */ = {isa = PBXFileReference; fileEncoding = 4; lastKnownFileType = sourcecode.swift; path = CardView.swift; sourceTree = "<group>"; };
		89D279C81E58C4A200CF4082 /* CardView.xib */ = {isa = PBXFileReference; fileEncoding = 4; lastKnownFileType = file.xib; path = CardView.xib; sourceTree = "<group>"; };
		89D279CA1E58CC0600CF4082 /* SampleCard.swift */ = {isa = PBXFileReference; fileEncoding = 4; lastKnownFileType = sourcecode.swift; path = SampleCard.swift; sourceTree = "<group>"; };
		89D279CE1E5BB09200CF4082 /* Card+CoreDataClass.swift */ = {isa = PBXFileReference; fileEncoding = 4; lastKnownFileType = sourcecode.swift; path = "Card+CoreDataClass.swift"; sourceTree = "<group>"; };
		89D279CF1E5BB09200CF4082 /* Card+CoreDataProperties.swift */ = {isa = PBXFileReference; fileEncoding = 4; lastKnownFileType = sourcecode.swift; path = "Card+CoreDataProperties.swift"; sourceTree = "<group>"; };
		89D279D01E5BB09200CF4082 /* Division+CoreDataClass.swift */ = {isa = PBXFileReference; fileEncoding = 4; lastKnownFileType = sourcecode.swift; path = "Division+CoreDataClass.swift"; sourceTree = "<group>"; };
		89D279D11E5BB09200CF4082 /* Division+CoreDataProperties.swift */ = {isa = PBXFileReference; fileEncoding = 4; lastKnownFileType = sourcecode.swift; path = "Division+CoreDataProperties.swift"; sourceTree = "<group>"; };
		89D279D81E5BB0D000CF4082 /* DataManager.swift */ = {isa = PBXFileReference; fileEncoding = 4; lastKnownFileType = sourcecode.swift; path = DataManager.swift; sourceTree = "<group>"; };
		89D279DA1E5BB2A800CF4082 /* CardManager.swift */ = {isa = PBXFileReference; fileEncoding = 4; lastKnownFileType = sourcecode.swift; path = CardManager.swift; sourceTree = "<group>"; };
		89D279DC1E5BB41E00CF4082 /* AddCardViewController.swift */ = {isa = PBXFileReference; fileEncoding = 4; lastKnownFileType = sourcecode.swift; path = AddCardViewController.swift; sourceTree = "<group>"; };
		89D279DE1E5BB4C500CF4082 /* Folder+CoreDataClass.swift */ = {isa = PBXFileReference; fileEncoding = 4; lastKnownFileType = sourcecode.swift; path = "Folder+CoreDataClass.swift"; sourceTree = "<group>"; };
		89D279DF1E5BB4C500CF4082 /* Folder+CoreDataProperties.swift */ = {isa = PBXFileReference; fileEncoding = 4; lastKnownFileType = sourcecode.swift; path = "Folder+CoreDataProperties.swift"; sourceTree = "<group>"; };
		89D279E21E5CBBD700CF4082 /* HomeViewController.swift */ = {isa = PBXFileReference; fileEncoding = 4; lastKnownFileType = sourcecode.swift; path = HomeViewController.swift; sourceTree = "<group>"; };
		89D279E41E5CDF5600CF4082 /* StatisticsViewController.swift */ = {isa = PBXFileReference; fileEncoding = 4; lastKnownFileType = sourcecode.swift; path = StatisticsViewController.swift; sourceTree = "<group>"; };
/* End PBXFileReference section */

/* Begin PBXFrameworksBuildPhase section */
		89D279991E57B9B600CF4082 /* Frameworks */ = {
			isa = PBXFrameworksBuildPhase;
			buildActionMask = 2147483647;
			files = (
			);
			runOnlyForDeploymentPostprocessing = 0;
		};
/* End PBXFrameworksBuildPhase section */

/* Begin PBXGroup section */
		89D279931E57B9B600CF4082 = {
			isa = PBXGroup;
			children = (
				89D279DE1E5BB4C500CF4082 /* Folder+CoreDataClass.swift */,
				89D279DF1E5BB4C500CF4082 /* Folder+CoreDataProperties.swift */,
				89D279CE1E5BB09200CF4082 /* Card+CoreDataClass.swift */,
				89D279CF1E5BB09200CF4082 /* Card+CoreDataProperties.swift */,
				89D279D01E5BB09200CF4082 /* Division+CoreDataClass.swift */,
				89D279D11E5BB09200CF4082 /* Division+CoreDataProperties.swift */,
				89D2799E1E57B9B600CF4082 /* Final Demo */,
				89D2799D1E57B9B600CF4082 /* Products */,
			);
			sourceTree = "<group>";
		};
		89D2799D1E57B9B600CF4082 /* Products */ = {
			isa = PBXGroup;
			children = (
				89D2799C1E57B9B600CF4082 /* Final Demo.app */,
			);
			name = Products;
			sourceTree = "<group>";
		};
		89D2799E1E57B9B600CF4082 /* Final Demo */ = {
			isa = PBXGroup;
			children = (
				89D2799F1E57B9B600CF4082 /* AppDelegate.swift */,
				89D279E21E5CBBD700CF4082 /* HomeViewController.swift */,
				89D279DC1E5BB41E00CF4082 /* AddCardViewController.swift */,
				89D279E41E5CDF5600CF4082 /* StatisticsViewController.swift */,
				89D279D81E5BB0D000CF4082 /* DataManager.swift */,
				89D279DA1E5BB2A800CF4082 /* CardManager.swift */,
				89D279BC1E58B75300CF4082 /* Manager.swift */,
				89D279BE1E58BC4400CF4082 /* MemoryViewController.swift */,
				89D279C61E58C38A00CF4082 /* CardView.swift */,
				89D279C81E58C4A200CF4082 /* CardView.xib */,
				89D279BA1E58B52000CF4082 /* TableViewCell.swift */,
				89D279A31E57B9B600CF4082 /* Main.storyboard */,
				89D279A91E57B9B600CF4082 /* Assets.xcassets */,
				89D279AB1E57B9B600CF4082 /* LaunchScreen.storyboard */,
				89D279AE1E57B9B600CF4082 /* Info.plist */,
				89D279A61E57B9B600CF4082 /* Final_Demo.xcdatamodeld */,
				89D279B81E58B07000CF4082 /* SampleScript.swift */,
				89D279CA1E58CC0600CF4082 /* SampleCard.swift */,
			);
			path = "Final Demo";
			sourceTree = "<group>";
		};
/* End PBXGroup section */

/* Begin PBXNativeTarget section */
		89D2799B1E57B9B600CF4082 /* Final Demo */ = {
			isa = PBXNativeTarget;
			buildConfigurationList = 89D279B11E57B9B600CF4082 /* Build configuration list for PBXNativeTarget "Final Demo" */;
			buildPhases = (
				89D279981E57B9B600CF4082 /* Sources */,
				89D279991E57B9B600CF4082 /* Frameworks */,
				89D2799A1E57B9B600CF4082 /* Resources */,
			);
			buildRules = (
			);
			dependencies = (
			);
			name = "Final Demo";
			productName = "Final Demo";
			productReference = 89D2799C1E57B9B600CF4082 /* Final Demo.app */;
			productType = "com.apple.product-type.application";
		};
/* End PBXNativeTarget section */

/* Begin PBXProject section */
		89D279941E57B9B600CF4082 /* Project object */ = {
			isa = PBXProject;
			attributes = {
				LastSwiftUpdateCheck = 0820;
				LastUpgradeCheck = 0820;
				ORGANIZATIONNAME = "Minhung Ling";
				TargetAttributes = {
					89D2799B1E57B9B600CF4082 = {
						CreatedOnToolsVersion = 8.2.1;
						ProvisioningStyle = Automatic;
					};
				};
			};
			buildConfigurationList = 89D279971E57B9B600CF4082 /* Build configuration list for PBXProject "Final Demo" */;
			compatibilityVersion = "Xcode 3.2";
			developmentRegion = English;
			hasScannedForEncodings = 0;
			knownRegions = (
				en,
				Base,
			);
			mainGroup = 89D279931E57B9B600CF4082;
			productRefGroup = 89D2799D1E57B9B600CF4082 /* Products */;
			projectDirPath = "";
			projectRoot = "";
			targets = (
				89D2799B1E57B9B600CF4082 /* Final Demo */,
			);
		};
/* End PBXProject section */

/* Begin PBXResourcesBuildPhase section */
		89D2799A1E57B9B600CF4082 /* Resources */ = {
			isa = PBXResourcesBuildPhase;
			buildActionMask = 2147483647;
			files = (
				89D279AD1E57B9B600CF4082 /* LaunchScreen.storyboard in Resources */,
				89D279AA1E57B9B600CF4082 /* Assets.xcassets in Resources */,
				89D279C91E58C4A200CF4082 /* CardView.xib in Resources */,
				89D279A51E57B9B600CF4082 /* Main.storyboard in Resources */,
			);
			runOnlyForDeploymentPostprocessing = 0;
		};
/* End PBXResourcesBuildPhase section */

/* Begin PBXSourcesBuildPhase section */
		89D279981E57B9B600CF4082 /* Sources */ = {
			isa = PBXSourcesBuildPhase;
			buildActionMask = 2147483647;
			files = (
				89D279BB1E58B52000CF4082 /* TableViewCell.swift in Sources */,
				89D279D91E5BB0D000CF4082 /* DataManager.swift in Sources */,
				89D279BF1E58BC4400CF4082 /* MemoryViewController.swift in Sources */,
				89D279BD1E58B75300CF4082 /* Manager.swift in Sources */,
				89D279CB1E58CC0600CF4082 /* SampleCard.swift in Sources */,
				89D279B91E58B07000CF4082 /* SampleScript.swift in Sources */,
				89D279A81E57B9B600CF4082 /* Final_Demo.xcdatamodeld in Sources */,
				89D279DD1E5BB41E00CF4082 /* AddCardViewController.swift in Sources */,
				89D279DB1E5BB2A800CF4082 /* CardManager.swift in Sources */,
				89D279C71E58C38A00CF4082 /* CardView.swift in Sources */,
				89D279E31E5CBBD700CF4082 /* HomeViewController.swift in Sources */,
				89D279A01E57B9B600CF4082 /* AppDelegate.swift in Sources */,
				89D279E51E5CDF5600CF4082 /* StatisticsViewController.swift in Sources */,
			);
			runOnlyForDeploymentPostprocessing = 0;
		};
/* End PBXSourcesBuildPhase section */

/* Begin PBXVariantGroup section */
		89D279A31E57B9B600CF4082 /* Main.storyboard */ = {
			isa = PBXVariantGroup;
			children = (
				89D279A41E57B9B600CF4082 /* Base */,
			);
			name = Main.storyboard;
			sourceTree = "<group>";
		};
		89D279AB1E57B9B600CF4082 /* LaunchScreen.storyboard */ = {
			isa = PBXVariantGroup;
			children = (
				89D279AC1E57B9B600CF4082 /* Base */,
			);
			name = LaunchScreen.storyboard;
			sourceTree = "<group>";
		};
/* End PBXVariantGroup section */

/* Begin XCBuildConfiguration section */
		89D279AF1E57B9B600CF4082 /* Debug */ = {
			isa = XCBuildConfiguration;
			buildSettings = {
				ALWAYS_SEARCH_USER_PATHS = NO;
				CLANG_ANALYZER_NONNULL = YES;
				CLANG_CXX_LANGUAGE_STANDARD = "gnu++0x";
				CLANG_CXX_LIBRARY = "libc++";
				CLANG_ENABLE_MODULES = YES;
				CLANG_ENABLE_OBJC_ARC = YES;
				CLANG_WARN_BOOL_CONVERSION = YES;
				CLANG_WARN_CONSTANT_CONVERSION = YES;
				CLANG_WARN_DIRECT_OBJC_ISA_USAGE = YES_ERROR;
				CLANG_WARN_DOCUMENTATION_COMMENTS = YES;
				CLANG_WARN_EMPTY_BODY = YES;
				CLANG_WARN_ENUM_CONVERSION = YES;
				CLANG_WARN_INFINITE_RECURSION = YES;
				CLANG_WARN_INT_CONVERSION = YES;
				CLANG_WARN_OBJC_ROOT_CLASS = YES_ERROR;
				CLANG_WARN_SUSPICIOUS_MOVE = YES;
				CLANG_WARN_UNREACHABLE_CODE = YES;
				CLANG_WARN__DUPLICATE_METHOD_MATCH = YES;
				"CODE_SIGN_IDENTITY[sdk=iphoneos*]" = "iPhone Developer";
				COPY_PHASE_STRIP = NO;
				DEBUG_INFORMATION_FORMAT = dwarf;
				ENABLE_STRICT_OBJC_MSGSEND = YES;
				ENABLE_TESTABILITY = YES;
				GCC_C_LANGUAGE_STANDARD = gnu99;
				GCC_DYNAMIC_NO_PIC = NO;
				GCC_NO_COMMON_BLOCKS = YES;
				GCC_OPTIMIZATION_LEVEL = 0;
				GCC_PREPROCESSOR_DEFINITIONS = (
					"DEBUG=1",
					"$(inherited)",
				);
				GCC_WARN_64_TO_32_BIT_CONVERSION = YES;
				GCC_WARN_ABOUT_RETURN_TYPE = YES_ERROR;
				GCC_WARN_UNDECLARED_SELECTOR = YES;
				GCC_WARN_UNINITIALIZED_AUTOS = YES_AGGRESSIVE;
				GCC_WARN_UNUSED_FUNCTION = YES;
				GCC_WARN_UNUSED_VARIABLE = YES;
				IPHONEOS_DEPLOYMENT_TARGET = 10.2;
				MTL_ENABLE_DEBUG_INFO = YES;
				ONLY_ACTIVE_ARCH = YES;
				SDKROOT = iphoneos;
				SWIFT_ACTIVE_COMPILATION_CONDITIONS = DEBUG;
				SWIFT_OPTIMIZATION_LEVEL = "-Onone";
				TARGETED_DEVICE_FAMILY = "1,2";
			};
			name = Debug;
		};
		89D279B01E57B9B600CF4082 /* Release */ = {
			isa = XCBuildConfiguration;
			buildSettings = {
				ALWAYS_SEARCH_USER_PATHS = NO;
				CLANG_ANALYZER_NONNULL = YES;
				CLANG_CXX_LANGUAGE_STANDARD = "gnu++0x";
				CLANG_CXX_LIBRARY = "libc++";
				CLANG_ENABLE_MODULES = YES;
				CLANG_ENABLE_OBJC_ARC = YES;
				CLANG_WARN_BOOL_CONVERSION = YES;
				CLANG_WARN_CONSTANT_CONVERSION = YES;
				CLANG_WARN_DIRECT_OBJC_ISA_USAGE = YES_ERROR;
				CLANG_WARN_DOCUMENTATION_COMMENTS = YES;
				CLANG_WARN_EMPTY_BODY = YES;
				CLANG_WARN_ENUM_CONVERSION = YES;
				CLANG_WARN_INFINITE_RECURSION = YES;
				CLANG_WARN_INT_CONVERSION = YES;
				CLANG_WARN_OBJC_ROOT_CLASS = YES_ERROR;
				CLANG_WARN_SUSPICIOUS_MOVE = YES;
				CLANG_WARN_UNREACHABLE_CODE = YES;
				CLANG_WARN__DUPLICATE_METHOD_MATCH = YES;
				"CODE_SIGN_IDENTITY[sdk=iphoneos*]" = "iPhone Developer";
				COPY_PHASE_STRIP = NO;
				DEBUG_INFORMATION_FORMAT = "dwarf-with-dsym";
				ENABLE_NS_ASSERTIONS = NO;
				ENABLE_STRICT_OBJC_MSGSEND = YES;
				GCC_C_LANGUAGE_STANDARD = gnu99;
				GCC_NO_COMMON_BLOCKS = YES;
				GCC_WARN_64_TO_32_BIT_CONVERSION = YES;
				GCC_WARN_ABOUT_RETURN_TYPE = YES_ERROR;
				GCC_WARN_UNDECLARED_SELECTOR = YES;
				GCC_WARN_UNINITIALIZED_AUTOS = YES_AGGRESSIVE;
				GCC_WARN_UNUSED_FUNCTION = YES;
				GCC_WARN_UNUSED_VARIABLE = YES;
				IPHONEOS_DEPLOYMENT_TARGET = 10.2;
				MTL_ENABLE_DEBUG_INFO = NO;
				SDKROOT = iphoneos;
				SWIFT_OPTIMIZATION_LEVEL = "-Owholemodule";
				TARGETED_DEVICE_FAMILY = "1,2";
				VALIDATE_PRODUCT = YES;
			};
			name = Release;
		};
		89D279B21E57B9B600CF4082 /* Debug */ = {
			isa = XCBuildConfiguration;
			buildSettings = {
				ASSETCATALOG_COMPILER_APPICON_NAME = AppIcon;
				INFOPLIST_FILE = "Final Demo/Info.plist";
				LD_RUNPATH_SEARCH_PATHS = "$(inherited) @executable_path/Frameworks";
				PRODUCT_BUNDLE_IDENTIFIER = "mling.Final-Demo";
				PRODUCT_NAME = "$(TARGET_NAME)";
				SWIFT_VERSION = 3.0;
			};
			name = Debug;
		};
		89D279B31E57B9B600CF4082 /* Release */ = {
			isa = XCBuildConfiguration;
			buildSettings = {
				ASSETCATALOG_COMPILER_APPICON_NAME = AppIcon;
				INFOPLIST_FILE = "Final Demo/Info.plist";
				LD_RUNPATH_SEARCH_PATHS = "$(inherited) @executable_path/Frameworks";
				PRODUCT_BUNDLE_IDENTIFIER = "mling.Final-Demo";
				PRODUCT_NAME = "$(TARGET_NAME)";
				SWIFT_VERSION = 3.0;
			};
			name = Release;
		};
/* End XCBuildConfiguration section */

/* Begin XCConfigurationList section */
		89D279971E57B9B600CF4082 /* Build configuration list for PBXProject "Final Demo" */ = {
			isa = XCConfigurationList;
			buildConfigurations = (
				89D279AF1E57B9B600CF4082 /* Debug */,
				89D279B01E57B9B600CF4082 /* Release */,
			);
			defaultConfigurationIsVisible = 0;
			defaultConfigurationName = Release;
		};
		89D279B11E57B9B600CF4082 /* Build configuration list for PBXNativeTarget "Final Demo" */ = {
			isa = XCConfigurationList;
			buildConfigurations = (
				89D279B21E57B9B600CF4082 /* Debug */,
				89D279B31E57B9B600CF4082 /* Release */,
			);
			defaultConfigurationIsVisible = 0;
			defaultConfigurationName = Release;
		};
/* End XCConfigurationList section */

/* Begin XCVersionGroup section */
		89D279A61E57B9B600CF4082 /* Final_Demo.xcdatamodeld */ = {
			isa = XCVersionGroup;
			children = (
				89D279A71E57B9B600CF4082 /* Final_Demo.xcdatamodel */,
			);
			currentVersion = 89D279A71E57B9B600CF4082 /* Final_Demo.xcdatamodel */;
			path = Final_Demo.xcdatamodeld;
			sourceTree = "<group>";
			versionGroupType = wrapper.xcdatamodel;
		};
/* End XCVersionGroup section */
	};
	rootObject = 89D279941E57B9B600CF4082 /* Project object */;
}
